
Microsoft Visual Studio Solution File, Format Version 12.00
# Visual Studio Version 17
VisualStudioVersion = 17.12.35527.113
MinimumVisualStudioVersion = 10.0.40219.1
Project("{FAE04EC0-301F-11D3-BF4B-00C04F79EFBC}") = "GDB.Web", "GDB.Web\GDB.Web.csproj", "{DA2889FD-AB8E-40FD-ABC3-8A67F241E8D5}"
EndProject
Project("{FAE04EC0-301F-11D3-BF4B-00C04F79EFBC}") = "GDB.Web.Client", "GDB.Web.Client\GDB.Web.Client.csproj", "{0C4AB538-3CB5-49D6-A1F3-E84F42B97584}"
EndProject
Project("{FAE04EC0-301F-11D3-BF4B-00C04F79EFBC}") = "GDB.Web.Core", "..\GDB.Web.Core\GDB.Web.Core.csproj", "{FC9E9755-B9AC-4190-AF7A-B028E1C5E0AC}"
EndProject
Project("{FAE04EC0-301F-11D3-BF4B-00C04F79EFBC}") = "GDB.Web.Shared", "..\GDB.Web.Shared\GDB.Web.Shared.csproj", "{12D7AC8C-2315-4FC0-BF5D-3B5613E5B1E8}"
EndProject
Project("{FAE04EC0-301F-11D3-BF4B-00C04F79EFBC}") = "GDB.Web.Infrastructure", "..\GDB.Web.Infrastructure\GDB.Web.Infrastructure.csproj", "{6BA8B868-4257-40F2-8DA5-97B4EDF79933}"
EndProject
Project("{FAE04EC0-301F-11D3-BF4B-00C04F79EFBC}") = "GDB.Web.Client.Infrastructure", "..\GDB.Web.Client.Infrastructure\GDB.Web.Client.Infrastructure.csproj", "{AD31BDBA-301D-4D30-B27F-AE0C54BD2F97}"
EndProject
Project("{FAE04EC0-301F-11D3-BF4B-00C04F79EFBC}") = "GDB.Web.BLL", "GDB.Web.BLL\GDB.Web.BLL.csproj", "{5071130D-F64E-48CD-A162-E367F1004D22}"
EndProject
Project("{2150E333-8FDC-42A3-9474-1A3956D46DE8}") = "BusinessLogicLayer", "BusinessLogicLayer", "{0D8C2EC5-1872-46D0-847E-9CA0EEA48F69}"
EndProject
Project("{2150E333-8FDC-42A3-9474-1A3956D46DE8}") = "API", "API", "{6E241527-523F-4DC7-B6DF-7E3480010A69}"
EndProject
Project("{2150E333-8FDC-42A3-9474-1A3956D46DE8}") = "Core", "Core", "{66A72CC5-82B0-4BF6-BDD3-0860334BDBEA}"
EndProject
Project("{2150E333-8FDC-42A3-9474-1A3956D46DE8}") = "Presentation", "Presentation", "{B341093B-8D9C-4BA2-835A-2FDCD2EB0C1C}"
EndProject
Project("{2150E333-8FDC-42A3-9474-1A3956D46DE8}") = "Infrastructure", "Infrastructure", "{B6CCA053-18D9-4E7C-8AD5-2D95B7DC9F4F}"
EndProject
Project("{2150E333-8FDC-42A3-9474-1A3956D46DE8}") = "Shared", "Shared", "{DE086902-0871-4FBA-8BE9-B6415BA496BA}"
EndProject
Project("{2150E333-8FDC-42A3-9474-1A3956D46DE8}") = "DataAccess", "DataAccess", "{78903220-17B8-4E4A-AEF2-239E76FCCBEE}"
EndProject
Project("{FAE04EC0-301F-11D3-BF4B-00C04F79EFBC}") = "GDB.Web.DataAccess", "GDB.Web.DataAccess\GDB.Web.DataAccess.csproj", "{57B24F38-22C6-4AD3-8CD9-0EC8B8D284D0}"
EndProject
Project("{2150E333-8FDC-42A3-9474-1A3956D46DE8}") = "Common", "Common", "{396B28BD-874F-489A-93C0-E3AC4C56DFC3}"
EndProject
Project("{FAE04EC0-301F-11D3-BF4B-00C04F79EFBC}") = "GDB.Web.Common", "GDB.Web.Common\GDB.Web.Common.csproj", "{273033A3-DC70-4FB4-883F-8D1B2D3F6B5C}"
EndProject
Global
	GlobalSection(SolutionConfigurationPlatforms) = preSolution
		Debug|Any CPU = Debug|Any CPU
		Release|Any CPU = Release|Any CPU
	EndGlobalSection
	GlobalSection(ProjectConfigurationPlatforms) = postSolution
		{DA2889FD-AB8E-40FD-ABC3-8A67F241E8D5}.Debug|Any CPU.ActiveCfg = Debug|Any CPU
		{DA2889FD-AB8E-40FD-ABC3-8A67F241E8D5}.Debug|Any CPU.Build.0 = Debug|Any CPU
		{DA2889FD-AB8E-40FD-ABC3-8A67F241E8D5}.Release|Any CPU.ActiveCfg = Release|Any CPU
		{DA2889FD-AB8E-40FD-ABC3-8A67F241E8D5}.Release|Any CPU.Build.0 = Release|Any CPU
		{0C4AB538-3CB5-49D6-A1F3-E84F42B97584}.Debug|Any CPU.ActiveCfg = Debug|Any CPU
		{0C4AB538-3CB5-49D6-A1F3-E84F42B97584}.Debug|Any CPU.Build.0 = Debug|Any CPU
		{0C4AB538-3CB5-49D6-A1F3-E84F42B97584}.Release|Any CPU.ActiveCfg = Release|Any CPU
		{0C4AB538-3CB5-49D6-A1F3-E84F42B97584}.Release|Any CPU.Build.0 = Release|Any CPU
		{FC9E9755-B9AC-4190-AF7A-B028E1C5E0AC}.Debug|Any CPU.ActiveCfg = Debug|Any CPU
		{FC9E9755-B9AC-4190-AF7A-B028E1C5E0AC}.Debug|Any CPU.Build.0 = Debug|Any CPU
		{FC9E9755-B9AC-4190-AF7A-B028E1C5E0AC}.Release|Any CPU.ActiveCfg = Release|Any CPU
		{FC9E9755-B9AC-4190-AF7A-B028E1C5E0AC}.Release|Any CPU.Build.0 = Release|Any CPU
		{12D7AC8C-2315-4FC0-BF5D-3B5613E5B1E8}.Debug|Any CPU.ActiveCfg = Debug|Any CPU
		{12D7AC8C-2315-4FC0-BF5D-3B5613E5B1E8}.Debug|Any CPU.Build.0 = Debug|Any CPU
		{12D7AC8C-2315-4FC0-BF5D-3B5613E5B1E8}.Release|Any CPU.ActiveCfg = Release|Any CPU
		{12D7AC8C-2315-4FC0-BF5D-3B5613E5B1E8}.Release|Any CPU.Build.0 = Release|Any CPU
		{6BA8B868-4257-40F2-8DA5-97B4EDF79933}.Debug|Any CPU.ActiveCfg = Debug|Any CPU
		{6BA8B868-4257-40F2-8DA5-97B4EDF79933}.Debug|Any CPU.Build.0 = Debug|Any CPU
		{6BA8B868-4257-40F2-8DA5-97B4EDF79933}.Release|Any CPU.ActiveCfg = Release|Any CPU
		{6BA8B868-4257-40F2-8DA5-97B4EDF79933}.Release|Any CPU.Build.0 = Release|Any CPU
		{AD31BDBA-301D-4D30-B27F-AE0C54BD2F97}.Debug|Any CPU.ActiveCfg = Debug|Any CPU
		{AD31BDBA-301D-4D30-B27F-AE0C54BD2F97}.Debug|Any CPU.Build.0 = Debug|Any CPU
		{AD31BDBA-301D-4D30-B27F-AE0C54BD2F97}.Release|Any CPU.ActiveCfg = Release|Any CPU
		{AD31BDBA-301D-4D30-B27F-AE0C54BD2F97}.Release|Any CPU.Build.0 = Release|Any CPU
		{5071130D-F64E-48CD-A162-E367F1004D22}.Debug|Any CPU.ActiveCfg = Debug|Any CPU
		{5071130D-F64E-48CD-A162-E367F1004D22}.Debug|Any CPU.Build.0 = Debug|Any CPU
		{5071130D-F64E-48CD-A162-E367F1004D22}.Release|Any CPU.ActiveCfg = Release|Any CPU
		{5071130D-F64E-48CD-A162-E367F1004D22}.Release|Any CPU.Build.0 = Release|Any CPU
		{57B24F38-22C6-4AD3-8CD9-0EC8B8D284D0}.Debug|Any CPU.ActiveCfg = Debug|Any CPU
		{57B24F38-22C6-4AD3-8CD9-0EC8B8D284D0}.Debug|Any CPU.Build.0 = Debug|Any CPU
		{57B24F38-22C6-4AD3-8CD9-0EC8B8D284D0}.Release|Any CPU.ActiveCfg = Release|Any CPU
		{57B24F38-22C6-4AD3-8CD9-0EC8B8D284D0}.Release|Any CPU.Build.0 = Release|Any CPU
		{273033A3-DC70-4FB4-883F-8D1B2D3F6B5C}.Debug|Any CPU.ActiveCfg = Debug|Any CPU
		{273033A3-DC70-4FB4-883F-8D1B2D3F6B5C}.Debug|Any CPU.Build.0 = Debug|Any CPU
		{273033A3-DC70-4FB4-883F-8D1B2D3F6B5C}.Release|Any CPU.ActiveCfg = Release|Any CPU
		{273033A3-DC70-4FB4-883F-8D1B2D3F6B5C}.Release|Any CPU.Build.0 = Release|Any CPU
	EndGlobalSection
	GlobalSection(SolutionProperties) = preSolution
		HideSolutionNode = FALSE
	EndGlobalSection
	GlobalSection(NestedProjects) = preSolution
		{DA2889FD-AB8E-40FD-ABC3-8A67F241E8D5} = {6E241527-523F-4DC7-B6DF-7E3480010A69}
		{0C4AB538-3CB5-49D6-A1F3-E84F42B97584} = {B341093B-8D9C-4BA2-835A-2FDCD2EB0C1C}
		{FC9E9755-B9AC-4190-AF7A-B028E1C5E0AC} = {66A72CC5-82B0-4BF6-BDD3-0860334BDBEA}
		{12D7AC8C-2315-4FC0-BF5D-3B5613E5B1E8} = {DE086902-0871-4FBA-8BE9-B6415BA496BA}
		{6BA8B868-4257-40F2-8DA5-97B4EDF79933} = {B6CCA053-18D9-4E7C-8AD5-2D95B7DC9F4F}
		{AD31BDBA-301D-4D30-B27F-AE0C54BD2F97} = {B6CCA053-18D9-4E7C-8AD5-2D95B7DC9F4F}
		{5071130D-F64E-48CD-A162-E367F1004D22} = {0D8C2EC5-1872-46D0-847E-9CA0EEA48F69}
		{57B24F38-22C6-4AD3-8CD9-0EC8B8D284D0} = {78903220-17B8-4E4A-AEF2-239E76FCCBEE}
		{273033A3-DC70-4FB4-883F-8D1B2D3F6B5C} = {396B28BD-874F-489A-93C0-E3AC4C56DFC3}
	EndGlobalSection
EndGlobal
